// !$*UTF8*$!
{
	archiveVersion = 1;
	classes = {
	};
	objectVersion = 46;
	objects = {

/* Begin PBXBuildFile section */
		602D80551E7AD3FD0030BE42 /* Alamofire.framework in Frameworks */ = {isa = PBXBuildFile; fileRef = 602D804F1E7AD3FD0030BE42 /* Alamofire.framework */; };
		602D80561E7AD3FD0030BE42 /* AlamofireImage.framework in Frameworks */ = {isa = PBXBuildFile; fileRef = 602D80501E7AD3FD0030BE42 /* AlamofireImage.framework */; };
		602D80571E7AD3FD0030BE42 /* Material.framework in Frameworks */ = {isa = PBXBuildFile; fileRef = 602D80511E7AD3FD0030BE42 /* Material.framework */; };
		602D80581E7AD3FD0030BE42 /* Realm.framework in Frameworks */ = {isa = PBXBuildFile; fileRef = 602D80521E7AD3FD0030BE42 /* Realm.framework */; };
		602D80591E7AD3FD0030BE42 /* RealmSwift.framework in Frameworks */ = {isa = PBXBuildFile; fileRef = 602D80531E7AD3FD0030BE42 /* RealmSwift.framework */; };
		602D805A1E7AD3FD0030BE42 /* SwiftyJSON.framework in Frameworks */ = {isa = PBXBuildFile; fileRef = 602D80541E7AD3FD0030BE42 /* SwiftyJSON.framework */; };
		602D805D1E7AD5130030BE42 /* accountSelectViewController.swift in Sources */ = {isa = PBXBuildFile; fileRef = 602D805C1E7AD5130030BE42 /* accountSelectViewController.swift */; };
		602D805F1E7AEA430030BE42 /* accountTableCell.swift in Sources */ = {isa = PBXBuildFile; fileRef = 602D805E1E7AEA430030BE42 /* accountTableCell.swift */; };
		602D80611E7AEBFA0030BE42 /* twitter_helper.swift in Sources */ = {isa = PBXBuildFile; fileRef = 602D80601E7AEBFA0030BE42 /* twitter_helper.swift */; };
		604766651E7A65CC000FF9A1 /* AppDelegate.swift in Sources */ = {isa = PBXBuildFile; fileRef = 604766641E7A65CC000FF9A1 /* AppDelegate.swift */; };
		604766671E7A65CC000FF9A1 /* topViewController.swift in Sources */ = {isa = PBXBuildFile; fileRef = 604766661E7A65CC000FF9A1 /* topViewController.swift */; };
		6047666A1E7A65CC000FF9A1 /* Main.storyboard in Resources */ = {isa = PBXBuildFile; fileRef = 604766681E7A65CC000FF9A1 /* Main.storyboard */; };
		6047666C1E7A65CC000FF9A1 /* Assets.xcassets in Resources */ = {isa = PBXBuildFile; fileRef = 6047666B1E7A65CC000FF9A1 /* Assets.xcassets */; };
		6047666F1E7A65CC000FF9A1 /* LaunchScreen.storyboard in Resources */ = {isa = PBXBuildFile; fileRef = 6047666D1E7A65CC000FF9A1 /* LaunchScreen.storyboard */; };
		60FDC6AD1E7BDEF500AB9D36 /* tweetViewController.swift in Sources */ = {isa = PBXBuildFile; fileRef = 60FDC6AC1E7BDEF500AB9D36 /* tweetViewController.swift */; };
/* End PBXBuildFile section */

/* Begin PBXFileReference section */
		602D804F1E7AD3FD0030BE42 /* Alamofire.framework */ = {isa = PBXFileReference; lastKnownFileType = wrapper.framework; name = Alamofire.framework; path = Carthage/Build/iOS/Alamofire.framework; sourceTree = "<group>"; };
		602D80501E7AD3FD0030BE42 /* AlamofireImage.framework */ = {isa = PBXFileReference; lastKnownFileType = wrapper.framework; name = AlamofireImage.framework; path = Carthage/Build/iOS/AlamofireImage.framework; sourceTree = "<group>"; };
		602D80511E7AD3FD0030BE42 /* Material.framework */ = {isa = PBXFileReference; lastKnownFileType = wrapper.framework; name = Material.framework; path = Carthage/Build/iOS/Material.framework; sourceTree = "<group>"; };
		602D80521E7AD3FD0030BE42 /* Realm.framework */ = {isa = PBXFileReference; lastKnownFileType = wrapper.framework; name = Realm.framework; path = Carthage/Build/iOS/Realm.framework; sourceTree = "<group>"; };
		602D80531E7AD3FD0030BE42 /* RealmSwift.framework */ = {isa = PBXFileReference; lastKnownFileType = wrapper.framework; name = RealmSwift.framework; path = Carthage/Build/iOS/RealmSwift.framework; sourceTree = "<group>"; };
		602D80541E7AD3FD0030BE42 /* SwiftyJSON.framework */ = {isa = PBXFileReference; lastKnownFileType = wrapper.framework; name = SwiftyJSON.framework; path = Carthage/Build/iOS/SwiftyJSON.framework; sourceTree = "<group>"; };
		602D805C1E7AD5130030BE42 /* accountSelectViewController.swift */ = {isa = PBXFileReference; fileEncoding = 4; lastKnownFileType = sourcecode.swift; path = accountSelectViewController.swift; sourceTree = "<group>"; };
		602D805E1E7AEA430030BE42 /* accountTableCell.swift */ = {isa = PBXFileReference; fileEncoding = 4; lastKnownFileType = sourcecode.swift; path = accountTableCell.swift; sourceTree = "<group>"; };
		602D80601E7AEBFA0030BE42 /* twitter_helper.swift */ = {isa = PBXFileReference; fileEncoding = 4; lastKnownFileType = sourcecode.swift; path = twitter_helper.swift; sourceTree = "<group>"; };
		604766611E7A65CC000FF9A1 /* nowMusicAutoTweetApp.app */ = {isa = PBXFileReference; explicitFileType = wrapper.application; includeInIndex = 0; path = nowMusicAutoTweetApp.app; sourceTree = BUILT_PRODUCTS_DIR; };
		604766641E7A65CC000FF9A1 /* AppDelegate.swift */ = {isa = PBXFileReference; lastKnownFileType = sourcecode.swift; path = AppDelegate.swift; sourceTree = "<group>"; };
		604766661E7A65CC000FF9A1 /* topViewController.swift */ = {isa = PBXFileReference; lastKnownFileType = sourcecode.swift; path = topViewController.swift; sourceTree = "<group>"; };
		604766691E7A65CC000FF9A1 /* Base */ = {isa = PBXFileReference; lastKnownFileType = file.storyboard; name = Base; path = Base.lproj/Main.storyboard; sourceTree = "<group>"; };
		6047666B1E7A65CC000FF9A1 /* Assets.xcassets */ = {isa = PBXFileReference; lastKnownFileType = folder.assetcatalog; path = Assets.xcassets; sourceTree = "<group>"; };
		6047666E1E7A65CC000FF9A1 /* Base */ = {isa = PBXFileReference; lastKnownFileType = file.storyboard; name = Base; path = Base.lproj/LaunchScreen.storyboard; sourceTree = "<group>"; };
		604766701E7A65CC000FF9A1 /* Info.plist */ = {isa = PBXFileReference; lastKnownFileType = text.plist.xml; path = Info.plist; sourceTree = "<group>"; };
		60FDC6AC1E7BDEF500AB9D36 /* tweetViewController.swift */ = {isa = PBXFileReference; fileEncoding = 4; lastKnownFileType = sourcecode.swift; path = tweetViewController.swift; sourceTree = "<group>"; };
/* End PBXFileReference section */

/* Begin PBXFrameworksBuildPhase section */
		6047665E1E7A65CB000FF9A1 /* Frameworks */ = {
			isa = PBXFrameworksBuildPhase;
			buildActionMask = 2147483647;
			files = (
				602D80551E7AD3FD0030BE42 /* Alamofire.framework in Frameworks */,
				602D80561E7AD3FD0030BE42 /* AlamofireImage.framework in Frameworks */,
				602D80571E7AD3FD0030BE42 /* Material.framework in Frameworks */,
				602D80581E7AD3FD0030BE42 /* Realm.framework in Frameworks */,
				602D80591E7AD3FD0030BE42 /* RealmSwift.framework in Frameworks */,
				602D805A1E7AD3FD0030BE42 /* SwiftyJSON.framework in Frameworks */,
			);
			runOnlyForDeploymentPostprocessing = 0;
		};
/* End PBXFrameworksBuildPhase section */

/* Begin PBXGroup section */
		602D804E1E7AD3FC0030BE42 /* Frameworks */ = {
			isa = PBXGroup;
			children = (
				602D804F1E7AD3FD0030BE42 /* Alamofire.framework */,
				602D80501E7AD3FD0030BE42 /* AlamofireImage.framework */,
				602D80511E7AD3FD0030BE42 /* Material.framework */,
				602D80521E7AD3FD0030BE42 /* Realm.framework */,
				602D80531E7AD3FD0030BE42 /* RealmSwift.framework */,
				602D80541E7AD3FD0030BE42 /* SwiftyJSON.framework */,
			);
			name = Frameworks;
			sourceTree = "<group>";
		};
		604766581E7A65CB000FF9A1 = {
			isa = PBXGroup;
			children = (
				604766631E7A65CC000FF9A1 /* nowMusicAutoTweetApp */,
				604766621E7A65CC000FF9A1 /* Products */,
				602D804E1E7AD3FC0030BE42 /* Frameworks */,
			);
			sourceTree = "<group>";
		};
		604766621E7A65CC000FF9A1 /* Products */ = {
			isa = PBXGroup;
			children = (
				604766611E7A65CC000FF9A1 /* nowMusicAutoTweetApp.app */,
			);
			name = Products;
			sourceTree = "<group>";
		};
		604766631E7A65CC000FF9A1 /* nowMusicAutoTweetApp */ = {
			isa = PBXGroup;
			children = (
				604766641E7A65CC000FF9A1 /* AppDelegate.swift */,
				602D805C1E7AD5130030BE42 /* accountSelectViewController.swift */,
				604766661E7A65CC000FF9A1 /* topViewController.swift */,
				60FDC6AC1E7BDEF500AB9D36 /* tweetViewController.swift */,
				602D805E1E7AEA430030BE42 /* accountTableCell.swift */,
				602D80601E7AEBFA0030BE42 /* twitter_helper.swift */,
				604766681E7A65CC000FF9A1 /* Main.storyboard */,
				6047666B1E7A65CC000FF9A1 /* Assets.xcassets */,
				6047666D1E7A65CC000FF9A1 /* LaunchScreen.storyboard */,
				604766701E7A65CC000FF9A1 /* Info.plist */,
			);
			path = nowMusicAutoTweetApp;
			sourceTree = "<group>";
		};
/* End PBXGroup section */

/* Begin PBXNativeTarget section */
		604766601E7A65CB000FF9A1 /* nowMusicAutoTweetApp */ = {
			isa = PBXNativeTarget;
			buildConfigurationList = 604766731E7A65CC000FF9A1 /* Build configuration list for PBXNativeTarget "nowMusicAutoTweetApp" */;
			buildPhases = (
				6047665D1E7A65CB000FF9A1 /* Sources */,
				6047665E1E7A65CB000FF9A1 /* Frameworks */,
				6047665F1E7A65CB000FF9A1 /* Resources */,
				602D805B1E7AD4170030BE42 /* ShellScript */,
			);
			buildRules = (
			);
			dependencies = (
			);
			name = nowMusicAutoTweetApp;
			productName = nowMusicAutoTweetApp;
			productReference = 604766611E7A65CC000FF9A1 /* nowMusicAutoTweetApp.app */;
			productType = "com.apple.product-type.application";
		};
/* End PBXNativeTarget section */

/* Begin PBXProject section */
		604766591E7A65CB000FF9A1 /* Project object */ = {
			isa = PBXProject;
			attributes = {
				LastSwiftUpdateCheck = 0820;
				LastUpgradeCheck = 0820;
				ORGANIZATIONNAME = "Satoru Murakami";
				TargetAttributes = {
					604766601E7A65CB000FF9A1 = {
						CreatedOnToolsVersion = 8.2.1;
						DevelopmentTeam = JLFHLJHHST;
						ProvisioningStyle = Automatic;
					};
				};
			};
			buildConfigurationList = 6047665C1E7A65CB000FF9A1 /* Build configuration list for PBXProject "nowMusicAutoTweetApp" */;
			compatibilityVersion = "Xcode 3.2";
			developmentRegion = English;
			hasScannedForEncodings = 0;
			knownRegions = (
				en,
				Base,
			);
			mainGroup = 604766581E7A65CB000FF9A1;
			productRefGroup = 604766621E7A65CC000FF9A1 /* Products */;
			projectDirPath = "";
			projectRoot = "";
			targets = (
				604766601E7A65CB000FF9A1 /* nowMusicAutoTweetApp */,
			);
		};
/* End PBXProject section */

/* Begin PBXResourcesBuildPhase section */
		6047665F1E7A65CB000FF9A1 /* Resources */ = {
			isa = PBXResourcesBuildPhase;
			buildActionMask = 2147483647;
			files = (
				6047666F1E7A65CC000FF9A1 /* LaunchScreen.storyboard in Resources */,
				6047666C1E7A65CC000FF9A1 /* Assets.xcassets in Resources */,
				6047666A1E7A65CC000FF9A1 /* Main.storyboard in Resources */,
			);
			runOnlyForDeploymentPostprocessing = 0;
		};
/* End PBXResourcesBuildPhase section */

/* Begin PBXShellScriptBuildPhase section */
		602D805B1E7AD4170030BE42 /* ShellScript */ = {
			isa = PBXShellScriptBuildPhase;
			buildActionMask = 2147483647;
			files = (
			);
			inputPaths = (
				"$(SRCROOT)/Carthage/Build/iOS/Alamofire.framework",
				"$(SRCROOT)//Carthage/Build/iOS/AlamofireImage.framework",
				"$(SRCROOT)//Carthage/Build/iOS/SwiftyJSON.framework",
				"$(SRCROOT)//Carthage/Build/iOS/Realm.framework",
				"$(SRCROOT)//Carthage/Build/iOS/RealmSwift.framework",
				"$(SRCROOT)//Carthage/Build/iOS/Material.framework",
			);
			outputPaths = (
			);
			runOnlyForDeploymentPostprocessing = 0;
			shellPath = /bin/sh;
			shellScript = "/usr/local/bin/carthage copy-frameworks";
		};
/* End PBXShellScriptBuildPhase section */

/* Begin PBXSourcesBuildPhase section */
		6047665D1E7A65CB000FF9A1 /* Sources */ = {
			isa = PBXSourcesBuildPhase;
			buildActionMask = 2147483647;
			files = (
				602D805D1E7AD5130030BE42 /* accountSelectViewController.swift in Sources */,
				604766671E7A65CC000FF9A1 /* topViewController.swift in Sources */,
				602D80611E7AEBFA0030BE42 /* twitter_helper.swift in Sources */,
				602D805F1E7AEA430030BE42 /* accountTableCell.swift in Sources */,
				60FDC6AD1E7BDEF500AB9D36 /* tweetViewController.swift in Sources */,
				604766651E7A65CC000FF9A1 /* AppDelegate.swift in Sources */,
			);
			runOnlyForDeploymentPostprocessing = 0;
		};
/* End PBXSourcesBuildPhase section */

/* Begin PBXVariantGroup section */
		604766681E7A65CC000FF9A1 /* Main.storyboard */ = {
			isa = PBXVariantGroup;
			children = (
				604766691E7A65CC000FF9A1 /* Base */,
			);
			name = Main.storyboard;
			sourceTree = "<group>";
		};
		6047666D1E7A65CC000FF9A1 /* LaunchScreen.storyboard */ = {
			isa = PBXVariantGroup;
			children = (
				6047666E1E7A65CC000FF9A1 /* Base */,
			);
			name = LaunchScreen.storyboard;
			sourceTree = "<group>";
		};
/* End PBXVariantGroup section */

/* Begin XCBuildConfiguration section */
		604766711E7A65CC000FF9A1 /* Debug */ = {
			isa = XCBuildConfiguration;
			buildSettings = {
				ALWAYS_SEARCH_USER_PATHS = NO;
				CLANG_ANALYZER_NONNULL = YES;
				CLANG_CXX_LANGUAGE_STANDARD = "gnu++0x";
				CLANG_CXX_LIBRARY = "libc++";
				CLANG_ENABLE_MODULES = YES;
				CLANG_ENABLE_OBJC_ARC = YES;
				CLANG_WARN_BOOL_CONVERSION = YES;
				CLANG_WARN_CONSTANT_CONVERSION = YES;
				CLANG_WARN_DIRECT_OBJC_ISA_USAGE = YES_ERROR;
				CLANG_WARN_DOCUMENTATION_COMMENTS = YES;
				CLANG_WARN_EMPTY_BODY = YES;
				CLANG_WARN_ENUM_CONVERSION = YES;
				CLANG_WARN_INFINITE_RECURSION = YES;
				CLANG_WARN_INT_CONVERSION = YES;
				CLANG_WARN_OBJC_ROOT_CLASS = YES_ERROR;
				CLANG_WARN_SUSPICIOUS_MOVE = YES;
				CLANG_WARN_UNREACHABLE_CODE = YES;
				CLANG_WARN__DUPLICATE_METHOD_MATCH = YES;
				"CODE_SIGN_IDENTITY[sdk=iphoneos*]" = "iPhone Developer";
				COPY_PHASE_STRIP = NO;
				DEBUG_INFORMATION_FORMAT = dwarf;
				ENABLE_STRICT_OBJC_MSGSEND = YES;
				ENABLE_TESTABILITY = YES;
				GCC_C_LANGUAGE_STANDARD = gnu99;
				GCC_DYNAMIC_NO_PIC = NO;
				GCC_NO_COMMON_BLOCKS = YES;
				GCC_OPTIMIZATION_LEVEL = 0;
				GCC_PREPROCESSOR_DEFINITIONS = (
					"DEBUG=1",
					"$(inherited)",
				);
				GCC_WARN_64_TO_32_BIT_CONVERSION = YES;
				GCC_WARN_ABOUT_RETURN_TYPE = YES_ERROR;
				GCC_WARN_UNDECLARED_SELECTOR = YES;
				GCC_WARN_UNINITIALIZED_AUTOS = YES_AGGRESSIVE;
				GCC_WARN_UNUSED_FUNCTION = YES;
				GCC_WARN_UNUSED_VARIABLE = YES;
				IPHONEOS_DEPLOYMENT_TARGET = 10.2;
				MTL_ENABLE_DEBUG_INFO = YES;
				ONLY_ACTIVE_ARCH = YES;
				SDKROOT = iphoneos;
				SWIFT_ACTIVE_COMPILATION_CONDITIONS = DEBUG;
				SWIFT_OPTIMIZATION_LEVEL = "-Onone";
				TARGETED_DEVICE_FAMILY = "1,2";
			};
			name = Debug;
		};
		604766721E7A65CC000FF9A1 /* Release */ = {
			isa = XCBuildConfiguration;
			buildSettings = {
				ALWAYS_SEARCH_USER_PATHS = NO;
				CLANG_ANALYZER_NONNULL = YES;
				CLANG_CXX_LANGUAGE_STANDARD = "gnu++0x";
				CLANG_CXX_LIBRARY = "libc++";
				CLANG_ENABLE_MODULES = YES;
				CLANG_ENABLE_OBJC_ARC = YES;
				CLANG_WARN_BOOL_CONVERSION = YES;
				CLANG_WARN_CONSTANT_CONVERSION = YES;
				CLANG_WARN_DIRECT_OBJC_ISA_USAGE = YES_ERROR;
				CLANG_WARN_DOCUMENTATION_COMMENTS = YES;
				CLANG_WARN_EMPTY_BODY = YES;
				CLANG_WARN_ENUM_CONVERSION = YES;
				CLANG_WARN_INFINITE_RECURSION = YES;
				CLANG_WARN_INT_CONVERSION = YES;
				CLANG_WARN_OBJC_ROOT_CLASS = YES_ERROR;
				CLANG_WARN_SUSPICIOUS_MOVE = YES;
				CLANG_WARN_UNREACHABLE_CODE = YES;
				CLANG_WARN__DUPLICATE_METHOD_MATCH = YES;
				"CODE_SIGN_IDENTITY[sdk=iphoneos*]" = "iPhone Developer";
				COPY_PHASE_STRIP = NO;
				DEBUG_INFORMATION_FORMAT = "dwarf-with-dsym";
				ENABLE_NS_ASSERTIONS = NO;
				ENABLE_STRICT_OBJC_MSGSEND = YES;
				GCC_C_LANGUAGE_STANDARD = gnu99;
				GCC_NO_COMMON_BLOCKS = YES;
				GCC_WARN_64_TO_32_BIT_CONVERSION = YES;
				GCC_WARN_ABOUT_RETURN_TYPE = YES_ERROR;
				GCC_WARN_UNDECLARED_SELECTOR = YES;
				GCC_WARN_UNINITIALIZED_AUTOS = YES_AGGRESSIVE;
				GCC_WARN_UNUSED_FUNCTION = YES;
				GCC_WARN_UNUSED_VARIABLE = YES;
				IPHONEOS_DEPLOYMENT_TARGET = 10.2;
				MTL_ENABLE_DEBUG_INFO = NO;
				SDKROOT = iphoneos;
				SWIFT_OPTIMIZATION_LEVEL = "-Owholemodule";
				TARGETED_DEVICE_FAMILY = "1,2";
				VALIDATE_PRODUCT = YES;
			};
			name = Release;
		};
		604766741E7A65CC000FF9A1 /* Debug */ = {
			isa = XCBuildConfiguration;
			buildSettings = {
				ASSETCATALOG_COMPILER_APPICON_NAME = AppIcon;
				DEVELOPMENT_TEAM = JLFHLJHHST;
				FRAMEWORK_SEARCH_PATHS = (
					"$(inherited)",
					"$(PROJECT_DIR)/Carthage/Build/iOS",
				);
				INFOPLIST_FILE = nowMusicAutoTweetApp/Info.plist;
				LD_RUNPATH_SEARCH_PATHS = "$(inherited) @executable_path/Frameworks";
				PRODUCT_BUNDLE_IDENTIFIER = jp.myapp.nowMusicAutoTweetApp;
				PRODUCT_NAME = "$(TARGET_NAME)";
				SWIFT_VERSION = 3.0;
			};
			name = Debug;
		};
		604766751E7A65CC000FF9A1 /* Release */ = {
			isa = XCBuildConfiguration;
			buildSettings = {
				ASSETCATALOG_COMPILER_APPICON_NAME = AppIcon;
				DEVELOPMENT_TEAM = JLFHLJHHST;
				FRAMEWORK_SEARCH_PATHS = (
					"$(inherited)",
					"$(PROJECT_DIR)/Carthage/Build/iOS",
				);
				INFOPLIST_FILE = nowMusicAutoTweetApp/Info.plist;
				LD_RUNPATH_SEARCH_PATHS = "$(inherited) @executable_path/Frameworks";
				PRODUCT_BUNDLE_IDENTIFIER = jp.myapp.nowMusicAutoTweetApp;
				PRODUCT_NAME = "$(TARGET_NAME)";
				SWIFT_VERSION = 3.0;
			};
			name = Release;
		};
/* End XCBuildConfiguration section */

/* Begin XCConfigurationList section */
		6047665C1E7A65CB000FF9A1 /* Build configuration list for PBXProject "nowMusicAutoTweetApp" */ = {
			isa = XCConfigurationList;
			buildConfigurations = (
				604766711E7A65CC000FF9A1 /* Debug */,
				604766721E7A65CC000FF9A1 /* Release */,
			);
			defaultConfigurationIsVisible = 0;
			defaultConfigurationName = Release;
		};
		604766731E7A65CC000FF9A1 /* Build configuration list for PBXNativeTarget "nowMusicAutoTweetApp" */ = {
			isa = XCConfigurationList;
			buildConfigurations = (
				604766741E7A65CC000FF9A1 /* Debug */,
				604766751E7A65CC000FF9A1 /* Release */,
			);
			defaultConfigurationIsVisible = 0;
			defaultConfigurationName = Release;
		};
/* End XCConfigurationList section */
	};
	rootObject = 604766591E7A65CB000FF9A1 /* Project object */;
}
